// !$*UTF8*$!
{
	archiveVersion = 1;
	classes = {
	};
	objectVersion = 55;
	objects = {

/* Begin PBXBuildFile section */
		907D5B502F0A3E1100ABBFAC /* Nunito-SemiBold.ttf in Resources */ = {isa = PBXBuildFile; fileRef = 907D5B4F2F0A3E1100ABBFAC /* Nunito-SemiBold.ttf */; };
		909039242F09379600388B42 /* AppDelegate.swift in Sources */ = {isa = PBXBuildFile; fileRef = 909039232F09379600388B42 /* AppDelegate.swift */; };
		909039262F09379600388B42 /* SceneDelegate.swift in Sources */ = {isa = PBXBuildFile; fileRef = 909039252F09379600388B42 /* SceneDelegate.swift */; };
		909039282F09379600388B42 /* StartViewController.swift in Sources */ = {isa = PBXBuildFile; fileRef = 909039272F09379600388B42 /* StartViewController.swift */; };
		9090392E2F09379600388B42 /* project123.xcdatamodeld in Sources */ = {isa = PBXBuildFile; fileRef = 9090392C2F09379600388B42 /* project123.xcdatamodeld */; };
		909039302F09379700388B42 /* Assets.xcassets in Resources */ = {isa = PBXBuildFile; fileRef = 9090392F2F09379700388B42 /* Assets.xcassets */; };
		9090393C2F0951C200388B42 /* Colors.swift in Sources */ = {isa = PBXBuildFile; fileRef = 9090393B2F0951C200388B42 /* Colors.swift */; };
		909039482F095FE500388B42 /* FontProvider.swift in Sources */ = {isa = PBXBuildFile; fileRef = 909039472F095FE500388B42 /* FontProvider.swift */; };
		9090394E2F09656E00388B42 /* Nunito-ExtraBold.ttf in Resources */ = {isa = PBXBuildFile; fileRef = 9090394D2F09656E00388B42 /* Nunito-ExtraBold.ttf */; };
		90AB649A2F0FF30F00CEF1E9 /* PlayerCell.swift in Sources */ = {isa = PBXBuildFile; fileRef = 90AB64992F0FF30F00CEF1E9 /* PlayerCell.swift */; };
/* End PBXBuildFile section */

/* Begin PBXFileReference section */
		907D5B4F2F0A3E1100ABBFAC /* Nunito-SemiBold.ttf */ = {isa = PBXFileReference; lastKnownFileType = file; path = "Nunito-SemiBold.ttf"; sourceTree = "<group>"; };
		909039202F09379600388B42 /* project123.app */ = {isa = PBXFileReference; explicitFileType = wrapper.application; includeInIndex = 0; path = project123.app; sourceTree = BUILT_PRODUCTS_DIR; };
		909039232F09379600388B42 /* AppDelegate.swift */ = {isa = PBXFileReference; lastKnownFileType = sourcecode.swift; path = AppDelegate.swift; sourceTree = "<group>"; };
		909039252F09379600388B42 /* SceneDelegate.swift */ = {isa = PBXFileReference; lastKnownFileType = sourcecode.swift; path = SceneDelegate.swift; sourceTree = "<group>"; };
		909039272F09379600388B42 /* StartViewController.swift */ = {isa = PBXFileReference; lastKnownFileType = sourcecode.swift; path = StartViewController.swift; sourceTree = "<group>"; };
		9090392D2F09379600388B42 /* project123.xcdatamodel */ = {isa = PBXFileReference; lastKnownFileType = wrapper.xcdatamodel; path = project123.xcdatamodel; sourceTree = "<group>"; };
		9090392F2F09379700388B42 /* Assets.xcassets */ = {isa = PBXFileReference; lastKnownFileType = folder.assetcatalog; path = Assets.xcassets; sourceTree = "<group>"; };
		909039342F09379700388B42 /* Info.plist */ = {isa = PBXFileReference; lastKnownFileType = text.plist.xml; path = Info.plist; sourceTree = "<group>"; };
		9090393B2F0951C200388B42 /* Colors.swift */ = {isa = PBXFileReference; lastKnownFileType = sourcecode.swift; path = Colors.swift; sourceTree = "<group>"; };
		909039472F095FE500388B42 /* FontProvider.swift */ = {isa = PBXFileReference; lastKnownFileType = sourcecode.swift; path = FontProvider.swift; sourceTree = "<group>"; };
		9090394D2F09656E00388B42 /* Nunito-ExtraBold.ttf */ = {isa = PBXFileReference; lastKnownFileType = file; path = "Nunito-ExtraBold.ttf"; sourceTree = "<group>"; };
		90AB64992F0FF30F00CEF1E9 /* PlayerCell.swift */ = {isa = PBXFileReference; lastKnownFileType = sourcecode.swift; path = PlayerCell.swift; sourceTree = "<group>"; };
/* End PBXFileReference section */

/* Begin PBXFrameworksBuildPhase section */
		9090391D2F09379600388B42 /* Frameworks */ = {
			isa = PBXFrameworksBuildPhase;
			buildActionMask = 2147483647;
			files = (
			);
			runOnlyForDeploymentPostprocessing = 0;
		};
/* End PBXFrameworksBuildPhase section */

/* Begin PBXGroup section */
		907D5B4B2F0A2C2100ABBFAC /* System */ = {
			isa = PBXGroup;
			children = (
				909039252F09379600388B42 /* SceneDelegate.swift */,
				909039232F09379600388B42 /* AppDelegate.swift */,
			);
			path = System;
			sourceTree = "<group>";
		};
		907D5B4C2F0A2C5000ABBFAC /* CoreData */ = {
			isa = PBXGroup;
			children = (
				9090392C2F09379600388B42 /* project123.xcdatamodeld */,
			);
			path = CoreData;
			sourceTree = "<group>";
		};
		907D5B4D2F0A2C6C00ABBFAC /* Screens */ = {
			isa = PBXGroup;
			children = (
				907D5B4E2F0A2C7300ABBFAC /* StartScreen */,
			);
			path = Screens;
			sourceTree = "<group>";
		};
		907D5B4E2F0A2C7300ABBFAC /* StartScreen */ = {
			isa = PBXGroup;
			children = (
				909039272F09379600388B42 /* StartViewController.swift */,
				90AB64992F0FF30F00CEF1E9 /* PlayerCell.swift */,
			);
			path = StartScreen;
			sourceTree = "<group>";
		};
		909039172F09379600388B42 = {
			isa = PBXGroup;
			children = (
				909039222F09379600388B42 /* project123 */,
				909039212F09379600388B42 /* Products */,
			);
			sourceTree = "<group>";
		};
		909039212F09379600388B42 /* Products */ = {
			isa = PBXGroup;
			children = (
				909039202F09379600388B42 /* project123.app */,
			);
			name = Products;
			sourceTree = "<group>";
		};
		909039222F09379600388B42 /* project123 */ = {
			isa = PBXGroup;
			children = (
				907D5B4D2F0A2C6C00ABBFAC /* Screens */,
				907D5B4C2F0A2C5000ABBFAC /* CoreData */,
				907D5B4B2F0A2C2100ABBFAC /* System */,
				9090393A2F09511400388B42 /* Assets */,
				909039342F09379700388B42 /* Info.plist */,
			);
			path = project123;
			sourceTree = "<group>";
		};
		9090393A2F09511400388B42 /* Assets */ = {
			isa = PBXGroup;
			children = (
				9090393E2F0954DD00388B42 /* Fonts */,
				9090393D2F0954D400388B42 /* Colors */,
				9090392F2F09379700388B42 /* Assets.xcassets */,
			);
			path = Assets;
			sourceTree = "<group>";
		};
		9090393D2F0954D400388B42 /* Colors */ = {
			isa = PBXGroup;
			children = (
				9090393B2F0951C200388B42 /* Colors.swift */,
			);
			path = Colors;
			sourceTree = "<group>";
		};
		9090393E2F0954DD00388B42 /* Fonts */ = {
			isa = PBXGroup;
			children = (
				907D5B4F2F0A3E1100ABBFAC /* Nunito-SemiBold.ttf */,
				9090394D2F09656E00388B42 /* Nunito-ExtraBold.ttf */,
				909039472F095FE500388B42 /* FontProvider.swift */,
			);
			path = Fonts;
			sourceTree = "<group>";
		};
/* End PBXGroup section */

/* Begin PBXNativeTarget section */
		9090391F2F09379600388B42 /* project123 */ = {
			isa = PBXNativeTarget;
			buildConfigurationList = 909039372F09379700388B42 /* Build configuration list for PBXNativeTarget "project123" */;
			buildPhases = (
				9090391C2F09379600388B42 /* Sources */,
				9090391D2F09379600388B42 /* Frameworks */,
				9090391E2F09379600388B42 /* Resources */,
			);
			buildRules = (
			);
			dependencies = (
			);
			name = project123;
			productName = project123;
			productReference = 909039202F09379600388B42 /* project123.app */;
			productType = "com.apple.product-type.application";
		};
/* End PBXNativeTarget section */

/* Begin PBXProject section */
		909039182F09379600388B42 /* Project object */ = {
			isa = PBXProject;
			attributes = {
				BuildIndependentTargetsInParallel = 1;
				LastSwiftUpdateCheck = 1310;
				LastUpgradeCheck = 1310;
				TargetAttributes = {
					9090391F2F09379600388B42 = {
						CreatedOnToolsVersion = 13.1;
					};
				};
			};
			buildConfigurationList = 9090391B2F09379600388B42 /* Build configuration list for PBXProject "project123" */;
			compatibilityVersion = "Xcode 13.0";
			developmentRegion = en;
			hasScannedForEncodings = 0;
			knownRegions = (
				en,
				Base,
			);
			mainGroup = 909039172F09379600388B42;
			productRefGroup = 909039212F09379600388B42 /* Products */;
			projectDirPath = "";
			projectRoot = "";
			targets = (
				9090391F2F09379600388B42 /* project123 */,
			);
		};
/* End PBXProject section */

/* Begin PBXResourcesBuildPhase section */
		9090391E2F09379600388B42 /* Resources */ = {
			isa = PBXResourcesBuildPhase;
			buildActionMask = 2147483647;
			files = (
				907D5B502F0A3E1100ABBFAC /* Nunito-SemiBold.ttf in Resources */,
				9090394E2F09656E00388B42 /* Nunito-ExtraBold.ttf in Resources */,
				909039302F09379700388B42 /* Assets.xcassets in Resources */,
			);
			runOnlyForDeploymentPostprocessing = 0;
		};
/* End PBXResourcesBuildPhase section */

/* Begin PBXSourcesBuildPhase section */
		9090391C2F09379600388B42 /* Sources */ = {
			isa = PBXSourcesBuildPhase;
			buildActionMask = 2147483647;
			files = (
				9090392E2F09379600388B42 /* project123.xcdatamodeld in Sources */,
				909039482F095FE500388B42 /* FontProvider.swift in Sources */,
				90AB649A2F0FF30F00CEF1E9 /* PlayerCell.swift in Sources */,
				9090393C2F0951C200388B42 /* Colors.swift in Sources */,
				909039282F09379600388B42 /* StartViewController.swift in Sources */,
				909039242F09379600388B42 /* AppDelegate.swift in Sources */,
				909039262F09379600388B42 /* SceneDelegate.swift in Sources */,
			);
			runOnlyForDeploymentPostprocessing = 0;
		};
/* End PBXSourcesBuildPhase section */

/* Begin XCBuildConfiguration section */
		909039352F09379700388B42 /* Debug */ = {
			isa = XCBuildConfiguration;
			buildSettings = {
				ALWAYS_SEARCH_USER_PATHS = NO;
				CLANG_ANALYZER_NONNULL = YES;
				CLANG_ANALYZER_NUMBER_OBJECT_CONVERSION = YES_AGGRESSIVE;
				CLANG_CXX_LANGUAGE_STANDARD = "gnu++17";
				CLANG_CXX_LIBRARY = "libc++";
				CLANG_ENABLE_MODULES = YES;
				CLANG_ENABLE_OBJC_ARC = YES;
				CLANG_ENABLE_OBJC_WEAK = YES;
				CLANG_WARN_BLOCK_CAPTURE_AUTORELEASING = YES;
				CLANG_WARN_BOOL_CONVERSION = YES;
				CLANG_WARN_COMMA = YES;
				CLANG_WARN_CONSTANT_CONVERSION = YES;
				CLANG_WARN_DEPRECATED_OBJC_IMPLEMENTATIONS = YES;
				CLANG_WARN_DIRECT_OBJC_ISA_USAGE = YES_ERROR;
				CLANG_WARN_DOCUMENTATION_COMMENTS = YES;
				CLANG_WARN_EMPTY_BODY = YES;
				CLANG_WARN_ENUM_CONVERSION = YES;
				CLANG_WARN_INFINITE_RECURSION = YES;
				CLANG_WARN_INT_CONVERSION = YES;
				CLANG_WARN_NON_LITERAL_NULL_CONVERSION = YES;
				CLANG_WARN_OBJC_IMPLICIT_RETAIN_SELF = YES;
				CLANG_WARN_OBJC_LITERAL_CONVERSION = YES;
				CLANG_WARN_OBJC_ROOT_CLASS = YES_ERROR;
				CLANG_WARN_QUOTED_INCLUDE_IN_FRAMEWORK_HEADER = YES;
				CLANG_WARN_RANGE_LOOP_ANALYSIS = YES;
				CLANG_WARN_STRICT_PROTOTYPES = YES;
				CLANG_WARN_SUSPICIOUS_MOVE = YES;
				CLANG_WARN_UNGUARDED_AVAILABILITY = YES_AGGRESSIVE;
				CLANG_WARN_UNREACHABLE_CODE = YES;
				CLANG_WARN__DUPLICATE_METHOD_MATCH = YES;
				COPY_PHASE_STRIP = NO;
				DEBUG_INFORMATION_FORMAT = dwarf;
				ENABLE_STRICT_OBJC_MSGSEND = YES;
				ENABLE_TESTABILITY = YES;
				GCC_C_LANGUAGE_STANDARD = gnu11;
				GCC_DYNAMIC_NO_PIC = NO;
				GCC_NO_COMMON_BLOCKS = YES;
				GCC_OPTIMIZATION_LEVEL = 0;
				GCC_PREPROCESSOR_DEFINITIONS = (
					"DEBUG=1",
					"$(inherited)",
				);
				GCC_WARN_64_TO_32_BIT_CONVERSION = YES;
				GCC_WARN_ABOUT_RETURN_TYPE = YES_ERROR;
				GCC_WARN_UNDECLARED_SELECTOR = YES;
				GCC_WARN_UNINITIALIZED_AUTOS = YES_AGGRESSIVE;
				GCC_WARN_UNUSED_FUNCTION = YES;
				GCC_WARN_UNUSED_VARIABLE = YES;
				IPHONEOS_DEPLOYMENT_TARGET = 15.0;
				MTL_ENABLE_DEBUG_INFO = INCLUDE_SOURCE;
				MTL_FAST_MATH = YES;
				ONLY_ACTIVE_ARCH = YES;
				SDKROOT = iphoneos;
				SWIFT_ACTIVE_COMPILATION_CONDITIONS = DEBUG;
				SWIFT_OPTIMIZATION_LEVEL = "-Onone";
			};
			name = Debug;
		};
		909039362F09379700388B42 /* Release */ = {
			isa = XCBuildConfiguration;
			buildSettings = {
				ALWAYS_SEARCH_USER_PATHS = NO;
				CLANG_ANALYZER_NONNULL = YES;
				CLANG_ANALYZER_NUMBER_OBJECT_CONVERSION = YES_AGGRESSIVE;
				CLANG_CXX_LANGUAGE_STANDARD = "gnu++17";
				CLANG_CXX_LIBRARY = "libc++";
				CLANG_ENABLE_MODULES = YES;
				CLANG_ENABLE_OBJC_ARC = YES;
				CLANG_ENABLE_OBJC_WEAK = YES;
				CLANG_WARN_BLOCK_CAPTURE_AUTORELEASING = YES;
				CLANG_WARN_BOOL_CONVERSION = YES;
				CLANG_WARN_COMMA = YES;
				CLANG_WARN_CONSTANT_CONVERSION = YES;
				CLANG_WARN_DEPRECATED_OBJC_IMPLEMENTATIONS = YES;
				CLANG_WARN_DIRECT_OBJC_ISA_USAGE = YES_ERROR;
				CLANG_WARN_DOCUMENTATION_COMMENTS = YES;
				CLANG_WARN_EMPTY_BODY = YES;
				CLANG_WARN_ENUM_CONVERSION = YES;
				CLANG_WARN_INFINITE_RECURSION = YES;
				CLANG_WARN_INT_CONVERSION = YES;
				CLANG_WARN_NON_LITERAL_NULL_CONVERSION = YES;
				CLANG_WARN_OBJC_IMPLICIT_RETAIN_SELF = YES;
				CLANG_WARN_OBJC_LITERAL_CONVERSION = YES;
				CLANG_WARN_OBJC_ROOT_CLASS = YES_ERROR;
				CLANG_WARN_QUOTED_INCLUDE_IN_FRAMEWORK_HEADER = YES;
				CLANG_WARN_RANGE_LOOP_ANALYSIS = YES;
				CLANG_WARN_STRICT_PROTOTYPES = YES;
				CLANG_WARN_SUSPICIOUS_MOVE = YES;
				CLANG_WARN_UNGUARDED_AVAILABILITY = YES_AGGRESSIVE;
				CLANG_WARN_UNREACHABLE_CODE = YES;
				CLANG_WARN__DUPLICATE_METHOD_MATCH = YES;
				COPY_PHASE_STRIP = NO;
				DEBUG_INFORMATION_FORMAT = "dwarf-with-dsym";
				ENABLE_NS_ASSERTIONS = NO;
				ENABLE_STRICT_OBJC_MSGSEND = YES;
				GCC_C_LANGUAGE_STANDARD = gnu11;
				GCC_NO_COMMON_BLOCKS = YES;
				GCC_WARN_64_TO_32_BIT_CONVERSION = YES;
				GCC_WARN_ABOUT_RETURN_TYPE = YES_ERROR;
				GCC_WARN_UNDECLARED_SELECTOR = YES;
				GCC_WARN_UNINITIALIZED_AUTOS = YES_AGGRESSIVE;
				GCC_WARN_UNUSED_FUNCTION = YES;
				GCC_WARN_UNUSED_VARIABLE = YES;
				IPHONEOS_DEPLOYMENT_TARGET = 15.0;
				MTL_ENABLE_DEBUG_INFO = NO;
				MTL_FAST_MATH = YES;
				SDKROOT = iphoneos;
				SWIFT_COMPILATION_MODE = wholemodule;
				SWIFT_OPTIMIZATION_LEVEL = "-O";
				VALIDATE_PRODUCT = YES;
			};
			name = Release;
		};
		909039382F09379700388B42 /* Debug */ = {
			isa = XCBuildConfiguration;
			buildSettings = {
				ASSETCATALOG_COMPILER_APPICON_NAME = AppIcon;
				ASSETCATALOG_COMPILER_GLOBAL_ACCENT_COLOR_NAME = AccentColor;
				CODE_SIGN_STYLE = Automatic;
				CURRENT_PROJECT_VERSION = 1;
				GENERATE_INFOPLIST_FILE = YES;
				INFOPLIST_FILE = project123/Info.plist;
				INFOPLIST_KEY_UIApplicationSupportsIndirectInputEvents = YES;
				INFOPLIST_KEY_UILaunchStoryboardName = LaunchScreen;
				INFOPLIST_KEY_UISupportedInterfaceOrientations_iPad = "UIInterfaceOrientationPortrait UIInterfaceOrientationPortraitUpsideDown UIInterfaceOrientationLandscapeLeft UIInterfaceOrientationLandscapeRight";
				INFOPLIST_KEY_UISupportedInterfaceOrientations_iPhone = "UIInterfaceOrientationPortrait UIInterfaceOrientationLandscapeLeft UIInterfaceOrientationLandscapeRight";
				LD_RUNPATH_SEARCH_PATHS = (
					"$(inherited)",
					"@executable_path/Frameworks",
				);
				MARKETING_VERSION = 1.0;
				PRODUCT_BUNDLE_IDENTIFIER = bogush.project123;
				PRODUCT_NAME = "$(TARGET_NAME)";
				SWIFT_EMIT_LOC_STRINGS = YES;
				SWIFT_VERSION = 5.0;
				TARGETED_DEVICE_FAMILY = "1,2";
			};
			name = Debug;
		};
		909039392F09379700388B42 /* Release */ = {
			isa = XCBuildConfiguration;
			buildSettings = {
				ASSETCATALOG_COMPILER_APPICON_NAME = AppIcon;
				ASSETCATALOG_COMPILER_GLOBAL_ACCENT_COLOR_NAME = AccentColor;
				CODE_SIGN_STYLE = Automatic;
				CURRENT_PROJECT_VERSION = 1;
				GENERATE_INFOPLIST_FILE = YES;
				INFOPLIST_FILE = project123/Info.plist;
				INFOPLIST_KEY_UIApplicationSupportsIndirectInputEvents = YES;
				INFOPLIST_KEY_UILaunchStoryboardName = LaunchScreen;
				INFOPLIST_KEY_UISupportedInterfaceOrientations_iPad = "UIInterfaceOrientationPortrait UIInterfaceOrientationPortraitUpsideDown UIInterfaceOrientationLandscapeLeft UIInterfaceOrientationLandscapeRight";
				INFOPLIST_KEY_UISupportedInterfaceOrientations_iPhone = "UIInterfaceOrientationPortrait UIInterfaceOrientationLandscapeLeft UIInterfaceOrientationLandscapeRight";
				LD_RUNPATH_SEARCH_PATHS = (
					"$(inherited)",
					"@executable_path/Frameworks",
				);
				MARKETING_VERSION = 1.0;
				PRODUCT_BUNDLE_IDENTIFIER = bogush.project123;
				PRODUCT_NAME = "$(TARGET_NAME)";
				SWIFT_EMIT_LOC_STRINGS = YES;
				SWIFT_VERSION = 5.0;
				TARGETED_DEVICE_FAMILY = "1,2";
			};
			name = Release;
		};
/* End XCBuildConfiguration section */

/* Begin XCConfigurationList section */
		9090391B2F09379600388B42 /* Build configuration list for PBXProject "project123" */ = {
			isa = XCConfigurationList;
			buildConfigurations = (
				909039352F09379700388B42 /* Debug */,
				909039362F09379700388B42 /* Release */,
			);
			defaultConfigurationIsVisible = 0;
			defaultConfigurationName = Release;
		};
		909039372F09379700388B42 /* Build configuration list for PBXNativeTarget "project123" */ = {
			isa = XCConfigurationList;
			buildConfigurations = (
				909039382F09379700388B42 /* Debug */,
				909039392F09379700388B42 /* Release */,
			);
			defaultConfigurationIsVisible = 0;
			defaultConfigurationName = Release;
		};
/* End XCConfigurationList section */

/* Begin XCVersionGroup section */
		9090392C2F09379600388B42 /* project123.xcdatamodeld */ = {
			isa = XCVersionGroup;
			children = (
				9090392D2F09379600388B42 /* project123.xcdatamodel */,
			);
			currentVersion = 9090392D2F09379600388B42 /* project123.xcdatamodel */;
			path = project123.xcdatamodeld;
			sourceTree = "<group>";
			versionGroupType = wrapper.xcdatamodel;
		};
/* End XCVersionGroup section */
	};
	rootObject = 909039182F09379600388B42 /* Project object */;
}
