// !$*UTF8*$!
{
	archiveVersion = 1;
	classes = {
	};
	objectVersion = 55;
	objects = {

/* Begin PBXBuildFile section */
		9073C30E2F21157400914AE7 /* PlayerMapper.swift in Sources */ = {isa = PBXBuildFile; fileRef = 9073C30D2F21157400914AE7 /* PlayerMapper.swift */; };
		9073C3102F21192300914AE7 /* CDManager.swift in Sources */ = {isa = PBXBuildFile; fileRef = 9073C30F2F21192300914AE7 /* CDManager.swift */; };
		907CAFE42F1F47040071FD55 /* PlayerModel.swift in Sources */ = {isa = PBXBuildFile; fileRef = 907CAFE32F1F47040071FD55 /* PlayerModel.swift */; };
		907CAFE62F1F48150071FD55 /* RollModel.swift in Sources */ = {isa = PBXBuildFile; fileRef = 907CAFE52F1F48150071FD55 /* RollModel.swift */; };
		907CAFED2F1F5BF50071FD55 /* CreatePlayerRepo.swift in Sources */ = {isa = PBXBuildFile; fileRef = 907CAFEC2F1F5BF50071FD55 /* CreatePlayerRepo.swift */; };
		907CAFEF2F1F5C740071FD55 /* CreatePlayerUseCase.swift in Sources */ = {isa = PBXBuildFile; fileRef = 907CAFEE2F1F5C740071FD55 /* CreatePlayerUseCase.swift */; };
		907D5B502F0A3E1100ABBFAC /* Nunito-SemiBold.ttf in Resources */ = {isa = PBXBuildFile; fileRef = 907D5B4F2F0A3E1100ABBFAC /* Nunito-SemiBold.ttf */; };
		908EB9392F20EA3E001B2D69 /* FetchPlayerUseCase.swift in Sources */ = {isa = PBXBuildFile; fileRef = 908EB9382F20EA3E001B2D69 /* FetchPlayerUseCase.swift */; };
		908EB93B2F20EABD001B2D69 /* FetchAllPlayersUseCase.swift in Sources */ = {isa = PBXBuildFile; fileRef = 908EB93A2F20EABD001B2D69 /* FetchAllPlayersUseCase.swift */; };
		908EB93D2F20EB20001B2D69 /* DeletePlayerUseCase.swift in Sources */ = {isa = PBXBuildFile; fileRef = 908EB93C2F20EB20001B2D69 /* DeletePlayerUseCase.swift */; };
		908EB93F2F20EE40001B2D69 /* FetchPlayerRepo.swift in Sources */ = {isa = PBXBuildFile; fileRef = 908EB93E2F20EE40001B2D69 /* FetchPlayerRepo.swift */; };
		908EB9412F20EE52001B2D69 /* FetchAllPlayersRepo.swift in Sources */ = {isa = PBXBuildFile; fileRef = 908EB9402F20EE52001B2D69 /* FetchAllPlayersRepo.swift */; };
		908EB9432F20EE62001B2D69 /* DeletePlayerRepo.swift in Sources */ = {isa = PBXBuildFile; fileRef = 908EB9422F20EE62001B2D69 /* DeletePlayerRepo.swift */; };
		908EB94A2F20FB4C001B2D69 /* PlayerDataSource.swift in Sources */ = {isa = PBXBuildFile; fileRef = 908EB9492F20FB4C001B2D69 /* PlayerDataSource.swift */; };
		908EB94C2F20FC69001B2D69 /* PlayerRepoImpl.swift in Sources */ = {isa = PBXBuildFile; fileRef = 908EB94B2F20FC69001B2D69 /* PlayerRepoImpl.swift */; };
		909039242F09379600388B42 /* AppDelegate.swift in Sources */ = {isa = PBXBuildFile; fileRef = 909039232F09379600388B42 /* AppDelegate.swift */; };
		909039262F09379600388B42 /* SceneDelegate.swift in Sources */ = {isa = PBXBuildFile; fileRef = 909039252F09379600388B42 /* SceneDelegate.swift */; };
		909039282F09379600388B42 /* StartViewController.swift in Sources */ = {isa = PBXBuildFile; fileRef = 909039272F09379600388B42 /* StartViewController.swift */; };
		909039302F09379700388B42 /* Assets.xcassets in Resources */ = {isa = PBXBuildFile; fileRef = 9090392F2F09379700388B42 /* Assets.xcassets */; };
		9090393C2F0951C200388B42 /* Colors.swift in Sources */ = {isa = PBXBuildFile; fileRef = 9090393B2F0951C200388B42 /* Colors.swift */; };
		909039482F095FE500388B42 /* FontProvider.swift in Sources */ = {isa = PBXBuildFile; fileRef = 909039472F095FE500388B42 /* FontProvider.swift */; };
		9090394E2F09656E00388B42 /* Nunito-ExtraBold.ttf in Resources */ = {isa = PBXBuildFile; fileRef = 9090394D2F09656E00388B42 /* Nunito-ExtraBold.ttf */; };
		909C25062F12595C00721F41 /* CoreDataModel.xcdatamodeld in Sources */ = {isa = PBXBuildFile; fileRef = 909C25042F12595B00721F41 /* CoreDataModel.xcdatamodeld */; };
		909C25152F125AE400721F41 /* PlayerCDModel+CoreDataClass.swift in Sources */ = {isa = PBXBuildFile; fileRef = 909C25112F125AE400721F41 /* PlayerCDModel+CoreDataClass.swift */; };
		909C25162F125AE400721F41 /* PlayerCDModel+CoreDataProperties.swift in Sources */ = {isa = PBXBuildFile; fileRef = 909C25122F125AE400721F41 /* PlayerCDModel+CoreDataProperties.swift */; };
		909C25172F125AE400721F41 /* Roll+CoreDataClass.swift in Sources */ = {isa = PBXBuildFile; fileRef = 909C25132F125AE400721F41 /* Roll+CoreDataClass.swift */; };
		909C25182F125AE400721F41 /* Roll+CoreDataProperties.swift in Sources */ = {isa = PBXBuildFile; fileRef = 909C25142F125AE400721F41 /* Roll+CoreDataProperties.swift */; };
		909C251A2F125B2300721F41 /* CoreDataManager.swift in Sources */ = {isa = PBXBuildFile; fileRef = 909C25192F125B2300721F41 /* CoreDataManager.swift */; };
		909C251D2F12879200721F41 /* GameScreenVC.swift in Sources */ = {isa = PBXBuildFile; fileRef = 909C251C2F12879200721F41 /* GameScreenVC.swift */; };
		90A8A2102F155B3800026A80 /* PlayerCollectionCell.swift in Sources */ = {isa = PBXBuildFile; fileRef = 90A8A20F2F155B3800026A80 /* PlayerCollectionCell.swift */; };
		90A8A2122F155E9000026A80 /* Nunito-Bold.ttf in Resources */ = {isa = PBXBuildFile; fileRef = 90A8A2112F155E9000026A80 /* Nunito-Bold.ttf */; };
		90AB649A2F0FF30F00CEF1E9 /* PlayerCell.swift in Sources */ = {isa = PBXBuildFile; fileRef = 90AB64992F0FF30F00CEF1E9 /* PlayerCell.swift */; };
		90AFFD722F10FBAC00CE09FC /* AddPlayerVC.swift in Sources */ = {isa = PBXBuildFile; fileRef = 90AFFD712F10FBAB00CE09FC /* AddPlayerVC.swift */; };
		90AFFD752F110C0F00CE09FC /* AppButtonFactory.swift in Sources */ = {isa = PBXBuildFile; fileRef = 90AFFD742F110C0F00CE09FC /* AppButtonFactory.swift */; };
/* End PBXBuildFile section */

/* Begin PBXFileReference section */
		9073C30D2F21157400914AE7 /* PlayerMapper.swift */ = {isa = PBXFileReference; lastKnownFileType = sourcecode.swift; path = PlayerMapper.swift; sourceTree = "<group>"; };
		9073C30F2F21192300914AE7 /* CDManager.swift */ = {isa = PBXFileReference; lastKnownFileType = sourcecode.swift; path = CDManager.swift; sourceTree = "<group>"; };
		907CAFE32F1F47040071FD55 /* PlayerModel.swift */ = {isa = PBXFileReference; lastKnownFileType = sourcecode.swift; path = PlayerModel.swift; sourceTree = "<group>"; };
		907CAFE52F1F48150071FD55 /* RollModel.swift */ = {isa = PBXFileReference; lastKnownFileType = sourcecode.swift; path = RollModel.swift; sourceTree = "<group>"; };
		907CAFEC2F1F5BF50071FD55 /* CreatePlayerRepo.swift */ = {isa = PBXFileReference; lastKnownFileType = sourcecode.swift; path = CreatePlayerRepo.swift; sourceTree = "<group>"; };
		907CAFEE2F1F5C740071FD55 /* CreatePlayerUseCase.swift */ = {isa = PBXFileReference; lastKnownFileType = sourcecode.swift; path = CreatePlayerUseCase.swift; sourceTree = "<group>"; };
		907D5B4F2F0A3E1100ABBFAC /* Nunito-SemiBold.ttf */ = {isa = PBXFileReference; lastKnownFileType = file; path = "Nunito-SemiBold.ttf"; sourceTree = "<group>"; };
		908EB9382F20EA3E001B2D69 /* FetchPlayerUseCase.swift */ = {isa = PBXFileReference; lastKnownFileType = sourcecode.swift; path = FetchPlayerUseCase.swift; sourceTree = "<group>"; };
		908EB93A2F20EABD001B2D69 /* FetchAllPlayersUseCase.swift */ = {isa = PBXFileReference; lastKnownFileType = sourcecode.swift; path = FetchAllPlayersUseCase.swift; sourceTree = "<group>"; };
		908EB93C2F20EB20001B2D69 /* DeletePlayerUseCase.swift */ = {isa = PBXFileReference; lastKnownFileType = sourcecode.swift; path = DeletePlayerUseCase.swift; sourceTree = "<group>"; };
		908EB93E2F20EE40001B2D69 /* FetchPlayerRepo.swift */ = {isa = PBXFileReference; lastKnownFileType = sourcecode.swift; path = FetchPlayerRepo.swift; sourceTree = "<group>"; };
		908EB9402F20EE52001B2D69 /* FetchAllPlayersRepo.swift */ = {isa = PBXFileReference; lastKnownFileType = sourcecode.swift; path = FetchAllPlayersRepo.swift; sourceTree = "<group>"; };
		908EB9422F20EE62001B2D69 /* DeletePlayerRepo.swift */ = {isa = PBXFileReference; lastKnownFileType = sourcecode.swift; path = DeletePlayerRepo.swift; sourceTree = "<group>"; };
		908EB9492F20FB4C001B2D69 /* PlayerDataSource.swift */ = {isa = PBXFileReference; lastKnownFileType = sourcecode.swift; path = PlayerDataSource.swift; sourceTree = "<group>"; };
		908EB94B2F20FC69001B2D69 /* PlayerRepoImpl.swift */ = {isa = PBXFileReference; lastKnownFileType = sourcecode.swift; path = PlayerRepoImpl.swift; sourceTree = "<group>"; };
		909039202F09379600388B42 /* project123.app */ = {isa = PBXFileReference; explicitFileType = wrapper.application; includeInIndex = 0; path = project123.app; sourceTree = BUILT_PRODUCTS_DIR; };
		909039232F09379600388B42 /* AppDelegate.swift */ = {isa = PBXFileReference; lastKnownFileType = sourcecode.swift; path = AppDelegate.swift; sourceTree = "<group>"; };
		909039252F09379600388B42 /* SceneDelegate.swift */ = {isa = PBXFileReference; lastKnownFileType = sourcecode.swift; path = SceneDelegate.swift; sourceTree = "<group>"; };
		909039272F09379600388B42 /* StartViewController.swift */ = {isa = PBXFileReference; lastKnownFileType = sourcecode.swift; path = StartViewController.swift; sourceTree = "<group>"; };
		9090392F2F09379700388B42 /* Assets.xcassets */ = {isa = PBXFileReference; lastKnownFileType = folder.assetcatalog; path = Assets.xcassets; sourceTree = "<group>"; };
		909039342F09379700388B42 /* Info.plist */ = {isa = PBXFileReference; lastKnownFileType = text.plist.xml; path = Info.plist; sourceTree = "<group>"; };
		9090393B2F0951C200388B42 /* Colors.swift */ = {isa = PBXFileReference; lastKnownFileType = sourcecode.swift; path = Colors.swift; sourceTree = "<group>"; };
		909039472F095FE500388B42 /* FontProvider.swift */ = {isa = PBXFileReference; lastKnownFileType = sourcecode.swift; path = FontProvider.swift; sourceTree = "<group>"; };
		9090394D2F09656E00388B42 /* Nunito-ExtraBold.ttf */ = {isa = PBXFileReference; lastKnownFileType = file; path = "Nunito-ExtraBold.ttf"; sourceTree = "<group>"; };
		909C25052F12595B00721F41 /* CoreDataModel.xcdatamodel */ = {isa = PBXFileReference; lastKnownFileType = wrapper.xcdatamodel; path = CoreDataModel.xcdatamodel; sourceTree = "<group>"; };
		909C25112F125AE400721F41 /* PlayerCDModel+CoreDataClass.swift */ = {isa = PBXFileReference; lastKnownFileType = sourcecode.swift; path = "PlayerCDModel+CoreDataClass.swift"; sourceTree = "<group>"; };
		909C25122F125AE400721F41 /* PlayerCDModel+CoreDataProperties.swift */ = {isa = PBXFileReference; lastKnownFileType = sourcecode.swift; path = "PlayerCDModel+CoreDataProperties.swift"; sourceTree = "<group>"; };
		909C25132F125AE400721F41 /* Roll+CoreDataClass.swift */ = {isa = PBXFileReference; lastKnownFileType = sourcecode.swift; path = "Roll+CoreDataClass.swift"; sourceTree = "<group>"; };
		909C25142F125AE400721F41 /* Roll+CoreDataProperties.swift */ = {isa = PBXFileReference; lastKnownFileType = sourcecode.swift; path = "Roll+CoreDataProperties.swift"; sourceTree = "<group>"; };
		909C25192F125B2300721F41 /* CoreDataManager.swift */ = {isa = PBXFileReference; lastKnownFileType = sourcecode.swift; path = CoreDataManager.swift; sourceTree = "<group>"; };
		909C251C2F12879200721F41 /* GameScreenVC.swift */ = {isa = PBXFileReference; lastKnownFileType = sourcecode.swift; path = GameScreenVC.swift; sourceTree = "<group>"; };
		90A8A20F2F155B3800026A80 /* PlayerCollectionCell.swift */ = {isa = PBXFileReference; lastKnownFileType = sourcecode.swift; path = PlayerCollectionCell.swift; sourceTree = "<group>"; };
		90A8A2112F155E9000026A80 /* Nunito-Bold.ttf */ = {isa = PBXFileReference; lastKnownFileType = file; path = "Nunito-Bold.ttf"; sourceTree = "<group>"; };
		90AB64992F0FF30F00CEF1E9 /* PlayerCell.swift */ = {isa = PBXFileReference; lastKnownFileType = sourcecode.swift; path = PlayerCell.swift; sourceTree = "<group>"; };
		90AFFD712F10FBAB00CE09FC /* AddPlayerVC.swift */ = {isa = PBXFileReference; lastKnownFileType = sourcecode.swift; path = AddPlayerVC.swift; sourceTree = "<group>"; };
		90AFFD742F110C0F00CE09FC /* AppButtonFactory.swift */ = {isa = PBXFileReference; lastKnownFileType = sourcecode.swift; path = AppButtonFactory.swift; sourceTree = "<group>"; };
/* End PBXFileReference section */

/* Begin PBXFrameworksBuildPhase section */
		9090391D2F09379600388B42 /* Frameworks */ = {
			isa = PBXFrameworksBuildPhase;
			buildActionMask = 2147483647;
			files = (
			);
			runOnlyForDeploymentPostprocessing = 0;
		};
/* End PBXFrameworksBuildPhase section */

/* Begin PBXGroup section */
		9073C3062F210C6800914AE7 /* CoreData */ = {
			isa = PBXGroup;
			children = (
				909C25142F125AE400721F41 /* Roll+CoreDataProperties.swift */,
				909C25132F125AE400721F41 /* Roll+CoreDataClass.swift */,
				909C25122F125AE400721F41 /* PlayerCDModel+CoreDataProperties.swift */,
				909C25112F125AE400721F41 /* PlayerCDModel+CoreDataClass.swift */,
				909C25042F12595B00721F41 /* CoreDataModel.xcdatamodeld */,
			);
			path = CoreData;
			sourceTree = "<group>";
		};
		9073C3072F210C7600914AE7 /* Models */ = {
			isa = PBXGroup;
			children = (
				907CAFE52F1F48150071FD55 /* RollModel.swift */,
				907CAFE32F1F47040071FD55 /* PlayerModel.swift */,
			);
			path = Models;
			sourceTree = "<group>";
		};
		9073C3082F210D6000914AE7 /* Infastructure */ = {
			isa = PBXGroup;
			children = (
				9073C3092F210D6A00914AE7 /* CoreData */,
			);
			path = Infastructure;
			sourceTree = "<group>";
		};
		9073C3092F210D6A00914AE7 /* CoreData */ = {
			isa = PBXGroup;
			children = (
				909C25192F125B2300721F41 /* CoreDataManager.swift */,
				9073C30F2F21192300914AE7 /* CDManager.swift */,
			);
			path = CoreData;
			sourceTree = "<group>";
		};
		9073C30A2F210E0700914AE7 /* CoreData */ = {
			isa = PBXGroup;
			children = (
				9073C30D2F21157400914AE7 /* PlayerMapper.swift */,
			);
			path = CoreData;
			sourceTree = "<group>";
		};
		907CAFE12F1F45F20071FD55 /* Entities */ = {
			isa = PBXGroup;
			children = (
				9073C3072F210C7600914AE7 /* Models */,
				9073C3062F210C6800914AE7 /* CoreData */,
			);
			path = Entities;
			sourceTree = "<group>";
		};
		907CAFE72F1F49940071FD55 /* Mapper */ = {
			isa = PBXGroup;
			children = (
			);
			path = Mapper;
			sourceTree = "<group>";
		};
		907CAFEA2F1F59B70071FD55 /* Repositories */ = {
			isa = PBXGroup;
			children = (
				907CAFEC2F1F5BF50071FD55 /* CreatePlayerRepo.swift */,
				908EB93E2F20EE40001B2D69 /* FetchPlayerRepo.swift */,
				908EB9402F20EE52001B2D69 /* FetchAllPlayersRepo.swift */,
				908EB9422F20EE62001B2D69 /* DeletePlayerRepo.swift */,
			);
			path = Repositories;
			sourceTree = "<group>";
		};
		907CAFEB2F1F59C10071FD55 /* UseCase */ = {
			isa = PBXGroup;
			children = (
				907CAFEE2F1F5C740071FD55 /* CreatePlayerUseCase.swift */,
				908EB9382F20EA3E001B2D69 /* FetchPlayerUseCase.swift */,
				908EB93A2F20EABD001B2D69 /* FetchAllPlayersUseCase.swift */,
				908EB93C2F20EB20001B2D69 /* DeletePlayerUseCase.swift */,
			);
			path = UseCase;
			sourceTree = "<group>";
		};
		907D5B4B2F0A2C2100ABBFAC /* System */ = {
			isa = PBXGroup;
			children = (
				909039252F09379600388B42 /* SceneDelegate.swift */,
				909039232F09379600388B42 /* AppDelegate.swift */,
			);
			path = System;
			sourceTree = "<group>";
		};
		907D5B4D2F0A2C6C00ABBFAC /* Modules */ = {
			isa = PBXGroup;
			children = (
				909C251B2F12876400721F41 /* GameScreen */,
				90AFFD702F10FB7D00CE09FC /* AddPlayerScreen */,
				907D5B4E2F0A2C7300ABBFAC /* StartScreen */,
			);
			path = Modules;
			sourceTree = "<group>";
		};
		907D5B4E2F0A2C7300ABBFAC /* StartScreen */ = {
			isa = PBXGroup;
			children = (
				909039272F09379600388B42 /* StartViewController.swift */,
				90AB64992F0FF30F00CEF1E9 /* PlayerCell.swift */,
			);
			path = StartScreen;
			sourceTree = "<group>";
		};
		908EB9442F20F14D001B2D69 /* Domain */ = {
			isa = PBXGroup;
			children = (
				907CAFE12F1F45F20071FD55 /* Entities */,
				907CAFEB2F1F59C10071FD55 /* UseCase */,
				907CAFEA2F1F59B70071FD55 /* Repositories */,
			);
			path = Domain;
			sourceTree = "<group>";
		};
		908EB9452F20FABA001B2D69 /* Data */ = {
			isa = PBXGroup;
			children = (
				9073C30A2F210E0700914AE7 /* CoreData */,
				908EB9462F20FAD7001B2D69 /* DataSource */,
				908EB9482F20FB08001B2D69 /* Repositories */,
			);
			path = Data;
			sourceTree = "<group>";
		};
		908EB9462F20FAD7001B2D69 /* DataSource */ = {
			isa = PBXGroup;
			children = (
				908EB9492F20FB4C001B2D69 /* PlayerDataSource.swift */,
			);
			path = DataSource;
			sourceTree = "<group>";
		};
		908EB9482F20FB08001B2D69 /* Repositories */ = {
			isa = PBXGroup;
			children = (
				908EB94B2F20FC69001B2D69 /* PlayerRepoImpl.swift */,
			);
			path = Repositories;
			sourceTree = "<group>";
		};
		909039172F09379600388B42 = {
			isa = PBXGroup;
			children = (
				909039222F09379600388B42 /* project123 */,
				909039212F09379600388B42 /* Products */,
			);
			sourceTree = "<group>";
		};
		909039212F09379600388B42 /* Products */ = {
			isa = PBXGroup;
			children = (
				909039202F09379600388B42 /* project123.app */,
			);
			name = Products;
			sourceTree = "<group>";
		};
		909039222F09379600388B42 /* project123 */ = {
			isa = PBXGroup;
			children = (
				9073C3082F210D6000914AE7 /* Infastructure */,
				908EB9452F20FABA001B2D69 /* Data */,
				908EB9442F20F14D001B2D69 /* Domain */,
				907CAFE72F1F49940071FD55 /* Mapper */,
				90AFFD732F110AEA00CE09FC /* CustomElements */,
				907D5B4D2F0A2C6C00ABBFAC /* Modules */,
				907D5B4B2F0A2C2100ABBFAC /* System */,
				9090393A2F09511400388B42 /* Resources */,
				909039342F09379700388B42 /* Info.plist */,
			);
			path = project123;
			sourceTree = "<group>";
		};
		9090393A2F09511400388B42 /* Resources */ = {
			isa = PBXGroup;
			children = (
				9090393E2F0954DD00388B42 /* Fonts */,
				9090393D2F0954D400388B42 /* Colors */,
				9090392F2F09379700388B42 /* Assets.xcassets */,
			);
			path = Resources;
			sourceTree = "<group>";
		};
		9090393D2F0954D400388B42 /* Colors */ = {
			isa = PBXGroup;
			children = (
				9090393B2F0951C200388B42 /* Colors.swift */,
			);
			path = Colors;
			sourceTree = "<group>";
		};
		9090393E2F0954DD00388B42 /* Fonts */ = {
			isa = PBXGroup;
			children = (
				90A8A2112F155E9000026A80 /* Nunito-Bold.ttf */,
				907D5B4F2F0A3E1100ABBFAC /* Nunito-SemiBold.ttf */,
				9090394D2F09656E00388B42 /* Nunito-ExtraBold.ttf */,
				909039472F095FE500388B42 /* FontProvider.swift */,
			);
			path = Fonts;
			sourceTree = "<group>";
		};
		909C251B2F12876400721F41 /* GameScreen */ = {
			isa = PBXGroup;
			children = (
				909C251C2F12879200721F41 /* GameScreenVC.swift */,
				90A8A20F2F155B3800026A80 /* PlayerCollectionCell.swift */,
			);
			path = GameScreen;
			sourceTree = "<group>";
		};
		90AFFD702F10FB7D00CE09FC /* AddPlayerScreen */ = {
			isa = PBXGroup;
			children = (
				90AFFD712F10FBAB00CE09FC /* AddPlayerVC.swift */,
			);
			path = AddPlayerScreen;
			sourceTree = "<group>";
		};
		90AFFD732F110AEA00CE09FC /* CustomElements */ = {
			isa = PBXGroup;
			children = (
				90AFFD742F110C0F00CE09FC /* AppButtonFactory.swift */,
			);
			path = CustomElements;
			sourceTree = "<group>";
		};
/* End PBXGroup section */

/* Begin PBXNativeTarget section */
		9090391F2F09379600388B42 /* project123 */ = {
			isa = PBXNativeTarget;
			buildConfigurationList = 909039372F09379700388B42 /* Build configuration list for PBXNativeTarget "project123" */;
			buildPhases = (
				9090391C2F09379600388B42 /* Sources */,
				9090391D2F09379600388B42 /* Frameworks */,
				9090391E2F09379600388B42 /* Resources */,
			);
			buildRules = (
			);
			dependencies = (
			);
			name = project123;
			productName = project123;
			productReference = 909039202F09379600388B42 /* project123.app */;
			productType = "com.apple.product-type.application";
		};
/* End PBXNativeTarget section */

/* Begin PBXProject section */
		909039182F09379600388B42 /* Project object */ = {
			isa = PBXProject;
			attributes = {
				BuildIndependentTargetsInParallel = 1;
				LastSwiftUpdateCheck = 1310;
				LastUpgradeCheck = 1310;
				TargetAttributes = {
					9090391F2F09379600388B42 = {
						CreatedOnToolsVersion = 13.1;
					};
				};
			};
			buildConfigurationList = 9090391B2F09379600388B42 /* Build configuration list for PBXProject "project123" */;
			compatibilityVersion = "Xcode 13.0";
			developmentRegion = en;
			hasScannedForEncodings = 0;
			knownRegions = (
				en,
				Base,
			);
			mainGroup = 909039172F09379600388B42;
			productRefGroup = 909039212F09379600388B42 /* Products */;
			projectDirPath = "";
			projectRoot = "";
			targets = (
				9090391F2F09379600388B42 /* project123 */,
			);
		};
/* End PBXProject section */

/* Begin PBXResourcesBuildPhase section */
		9090391E2F09379600388B42 /* Resources */ = {
			isa = PBXResourcesBuildPhase;
			buildActionMask = 2147483647;
			files = (
				907D5B502F0A3E1100ABBFAC /* Nunito-SemiBold.ttf in Resources */,
				9090394E2F09656E00388B42 /* Nunito-ExtraBold.ttf in Resources */,
				90A8A2122F155E9000026A80 /* Nunito-Bold.ttf in Resources */,
				909039302F09379700388B42 /* Assets.xcassets in Resources */,
			);
			runOnlyForDeploymentPostprocessing = 0;
		};
/* End PBXResourcesBuildPhase section */

/* Begin PBXSourcesBuildPhase section */
		9090391C2F09379600388B42 /* Sources */ = {
			isa = PBXSourcesBuildPhase;
			buildActionMask = 2147483647;
			files = (
				909C251D2F12879200721F41 /* GameScreenVC.swift in Sources */,
				909C25172F125AE400721F41 /* Roll+CoreDataClass.swift in Sources */,
				909039482F095FE500388B42 /* FontProvider.swift in Sources */,
				908EB9412F20EE52001B2D69 /* FetchAllPlayersRepo.swift in Sources */,
				909C25182F125AE400721F41 /* Roll+CoreDataProperties.swift in Sources */,
				908EB94C2F20FC69001B2D69 /* PlayerRepoImpl.swift in Sources */,
				908EB9432F20EE62001B2D69 /* DeletePlayerRepo.swift in Sources */,
				90AB649A2F0FF30F00CEF1E9 /* PlayerCell.swift in Sources */,
				908EB93D2F20EB20001B2D69 /* DeletePlayerUseCase.swift in Sources */,
				90AFFD722F10FBAC00CE09FC /* AddPlayerVC.swift in Sources */,
				9090393C2F0951C200388B42 /* Colors.swift in Sources */,
				909039282F09379600388B42 /* StartViewController.swift in Sources */,
				907CAFE62F1F48150071FD55 /* RollModel.swift in Sources */,
				909C25162F125AE400721F41 /* PlayerCDModel+CoreDataProperties.swift in Sources */,
				909C25062F12595C00721F41 /* CoreDataModel.xcdatamodeld in Sources */,
				907CAFED2F1F5BF50071FD55 /* CreatePlayerRepo.swift in Sources */,
				9073C3102F21192300914AE7 /* CDManager.swift in Sources */,
				9073C30E2F21157400914AE7 /* PlayerMapper.swift in Sources */,
				909C25152F125AE400721F41 /* PlayerCDModel+CoreDataClass.swift in Sources */,
				907CAFE42F1F47040071FD55 /* PlayerModel.swift in Sources */,
				908EB93F2F20EE40001B2D69 /* FetchPlayerRepo.swift in Sources */,
				909039242F09379600388B42 /* AppDelegate.swift in Sources */,
				907CAFEF2F1F5C740071FD55 /* CreatePlayerUseCase.swift in Sources */,
				908EB94A2F20FB4C001B2D69 /* PlayerDataSource.swift in Sources */,
				908EB93B2F20EABD001B2D69 /* FetchAllPlayersUseCase.swift in Sources */,
				90AFFD752F110C0F00CE09FC /* AppButtonFactory.swift in Sources */,
				909C251A2F125B2300721F41 /* CoreDataManager.swift in Sources */,
				90A8A2102F155B3800026A80 /* PlayerCollectionCell.swift in Sources */,
				909039262F09379600388B42 /* SceneDelegate.swift in Sources */,
				908EB9392F20EA3E001B2D69 /* FetchPlayerUseCase.swift in Sources */,
			);
			runOnlyForDeploymentPostprocessing = 0;
		};
/* End PBXSourcesBuildPhase section */

/* Begin XCBuildConfiguration section */
		909039352F09379700388B42 /* Debug */ = {
			isa = XCBuildConfiguration;
			buildSettings = {
				ALWAYS_SEARCH_USER_PATHS = NO;
				CLANG_ANALYZER_NONNULL = YES;
				CLANG_ANALYZER_NUMBER_OBJECT_CONVERSION = YES_AGGRESSIVE;
				CLANG_CXX_LANGUAGE_STANDARD = "gnu++17";
				CLANG_CXX_LIBRARY = "libc++";
				CLANG_ENABLE_MODULES = YES;
				CLANG_ENABLE_OBJC_ARC = YES;
				CLANG_ENABLE_OBJC_WEAK = YES;
				CLANG_WARN_BLOCK_CAPTURE_AUTORELEASING = YES;
				CLANG_WARN_BOOL_CONVERSION = YES;
				CLANG_WARN_COMMA = YES;
				CLANG_WARN_CONSTANT_CONVERSION = YES;
				CLANG_WARN_DEPRECATED_OBJC_IMPLEMENTATIONS = YES;
				CLANG_WARN_DIRECT_OBJC_ISA_USAGE = YES_ERROR;
				CLANG_WARN_DOCUMENTATION_COMMENTS = YES;
				CLANG_WARN_EMPTY_BODY = YES;
				CLANG_WARN_ENUM_CONVERSION = YES;
				CLANG_WARN_INFINITE_RECURSION = YES;
				CLANG_WARN_INT_CONVERSION = YES;
				CLANG_WARN_NON_LITERAL_NULL_CONVERSION = YES;
				CLANG_WARN_OBJC_IMPLICIT_RETAIN_SELF = YES;
				CLANG_WARN_OBJC_LITERAL_CONVERSION = YES;
				CLANG_WARN_OBJC_ROOT_CLASS = YES_ERROR;
				CLANG_WARN_QUOTED_INCLUDE_IN_FRAMEWORK_HEADER = YES;
				CLANG_WARN_RANGE_LOOP_ANALYSIS = YES;
				CLANG_WARN_STRICT_PROTOTYPES = YES;
				CLANG_WARN_SUSPICIOUS_MOVE = YES;
				CLANG_WARN_UNGUARDED_AVAILABILITY = YES_AGGRESSIVE;
				CLANG_WARN_UNREACHABLE_CODE = YES;
				CLANG_WARN__DUPLICATE_METHOD_MATCH = YES;
				COPY_PHASE_STRIP = NO;
				DEBUG_INFORMATION_FORMAT = dwarf;
				ENABLE_STRICT_OBJC_MSGSEND = YES;
				ENABLE_TESTABILITY = YES;
				GCC_C_LANGUAGE_STANDARD = gnu11;
				GCC_DYNAMIC_NO_PIC = NO;
				GCC_NO_COMMON_BLOCKS = YES;
				GCC_OPTIMIZATION_LEVEL = 0;
				GCC_PREPROCESSOR_DEFINITIONS = (
					"DEBUG=1",
					"$(inherited)",
				);
				GCC_WARN_64_TO_32_BIT_CONVERSION = YES;
				GCC_WARN_ABOUT_RETURN_TYPE = YES_ERROR;
				GCC_WARN_UNDECLARED_SELECTOR = YES;
				GCC_WARN_UNINITIALIZED_AUTOS = YES_AGGRESSIVE;
				GCC_WARN_UNUSED_FUNCTION = YES;
				GCC_WARN_UNUSED_VARIABLE = YES;
				IPHONEOS_DEPLOYMENT_TARGET = 15.0;
				MTL_ENABLE_DEBUG_INFO = INCLUDE_SOURCE;
				MTL_FAST_MATH = YES;
				ONLY_ACTIVE_ARCH = YES;
				SDKROOT = iphoneos;
				SWIFT_ACTIVE_COMPILATION_CONDITIONS = DEBUG;
				SWIFT_OPTIMIZATION_LEVEL = "-Onone";
			};
			name = Debug;
		};
		909039362F09379700388B42 /* Release */ = {
			isa = XCBuildConfiguration;
			buildSettings = {
				ALWAYS_SEARCH_USER_PATHS = NO;
				CLANG_ANALYZER_NONNULL = YES;
				CLANG_ANALYZER_NUMBER_OBJECT_CONVERSION = YES_AGGRESSIVE;
				CLANG_CXX_LANGUAGE_STANDARD = "gnu++17";
				CLANG_CXX_LIBRARY = "libc++";
				CLANG_ENABLE_MODULES = YES;
				CLANG_ENABLE_OBJC_ARC = YES;
				CLANG_ENABLE_OBJC_WEAK = YES;
				CLANG_WARN_BLOCK_CAPTURE_AUTORELEASING = YES;
				CLANG_WARN_BOOL_CONVERSION = YES;
				CLANG_WARN_COMMA = YES;
				CLANG_WARN_CONSTANT_CONVERSION = YES;
				CLANG_WARN_DEPRECATED_OBJC_IMPLEMENTATIONS = YES;
				CLANG_WARN_DIRECT_OBJC_ISA_USAGE = YES_ERROR;
				CLANG_WARN_DOCUMENTATION_COMMENTS = YES;
				CLANG_WARN_EMPTY_BODY = YES;
				CLANG_WARN_ENUM_CONVERSION = YES;
				CLANG_WARN_INFINITE_RECURSION = YES;
				CLANG_WARN_INT_CONVERSION = YES;
				CLANG_WARN_NON_LITERAL_NULL_CONVERSION = YES;
				CLANG_WARN_OBJC_IMPLICIT_RETAIN_SELF = YES;
				CLANG_WARN_OBJC_LITERAL_CONVERSION = YES;
				CLANG_WARN_OBJC_ROOT_CLASS = YES_ERROR;
				CLANG_WARN_QUOTED_INCLUDE_IN_FRAMEWORK_HEADER = YES;
				CLANG_WARN_RANGE_LOOP_ANALYSIS = YES;
				CLANG_WARN_STRICT_PROTOTYPES = YES;
				CLANG_WARN_SUSPICIOUS_MOVE = YES;
				CLANG_WARN_UNGUARDED_AVAILABILITY = YES_AGGRESSIVE;
				CLANG_WARN_UNREACHABLE_CODE = YES;
				CLANG_WARN__DUPLICATE_METHOD_MATCH = YES;
				COPY_PHASE_STRIP = NO;
				DEBUG_INFORMATION_FORMAT = "dwarf-with-dsym";
				ENABLE_NS_ASSERTIONS = NO;
				ENABLE_STRICT_OBJC_MSGSEND = YES;
				GCC_C_LANGUAGE_STANDARD = gnu11;
				GCC_NO_COMMON_BLOCKS = YES;
				GCC_WARN_64_TO_32_BIT_CONVERSION = YES;
				GCC_WARN_ABOUT_RETURN_TYPE = YES_ERROR;
				GCC_WARN_UNDECLARED_SELECTOR = YES;
				GCC_WARN_UNINITIALIZED_AUTOS = YES_AGGRESSIVE;
				GCC_WARN_UNUSED_FUNCTION = YES;
				GCC_WARN_UNUSED_VARIABLE = YES;
				IPHONEOS_DEPLOYMENT_TARGET = 15.0;
				MTL_ENABLE_DEBUG_INFO = NO;
				MTL_FAST_MATH = YES;
				SDKROOT = iphoneos;
				SWIFT_COMPILATION_MODE = wholemodule;
				SWIFT_OPTIMIZATION_LEVEL = "-O";
				VALIDATE_PRODUCT = YES;
			};
			name = Release;
		};
		909039382F09379700388B42 /* Debug */ = {
			isa = XCBuildConfiguration;
			buildSettings = {
				ASSETCATALOG_COMPILER_APPICON_NAME = AppIcon;
				ASSETCATALOG_COMPILER_GLOBAL_ACCENT_COLOR_NAME = AccentColor;
				CODE_SIGN_STYLE = Automatic;
				CURRENT_PROJECT_VERSION = 1;
				GENERATE_INFOPLIST_FILE = YES;
				INFOPLIST_FILE = project123/Info.plist;
				INFOPLIST_KEY_UIApplicationSupportsIndirectInputEvents = YES;
				INFOPLIST_KEY_UILaunchStoryboardName = LaunchScreen;
				INFOPLIST_KEY_UISupportedInterfaceOrientations_iPad = "UIInterfaceOrientationPortrait UIInterfaceOrientationPortraitUpsideDown UIInterfaceOrientationLandscapeLeft UIInterfaceOrientationLandscapeRight";
				INFOPLIST_KEY_UISupportedInterfaceOrientations_iPhone = "UIInterfaceOrientationPortrait UIInterfaceOrientationLandscapeLeft UIInterfaceOrientationLandscapeRight";
				LD_RUNPATH_SEARCH_PATHS = (
					"$(inherited)",
					"@executable_path/Frameworks",
				);
				MARKETING_VERSION = 1.0;
				PRODUCT_BUNDLE_IDENTIFIER = bogush.project123;
				PRODUCT_NAME = "$(TARGET_NAME)";
				SWIFT_EMIT_LOC_STRINGS = YES;
				SWIFT_VERSION = 5.0;
				TARGETED_DEVICE_FAMILY = "1,2";
			};
			name = Debug;
		};
		909039392F09379700388B42 /* Release */ = {
			isa = XCBuildConfiguration;
			buildSettings = {
				ASSETCATALOG_COMPILER_APPICON_NAME = AppIcon;
				ASSETCATALOG_COMPILER_GLOBAL_ACCENT_COLOR_NAME = AccentColor;
				CODE_SIGN_STYLE = Automatic;
				CURRENT_PROJECT_VERSION = 1;
				GENERATE_INFOPLIST_FILE = YES;
				INFOPLIST_FILE = project123/Info.plist;
				INFOPLIST_KEY_UIApplicationSupportsIndirectInputEvents = YES;
				INFOPLIST_KEY_UILaunchStoryboardName = LaunchScreen;
				INFOPLIST_KEY_UISupportedInterfaceOrientations_iPad = "UIInterfaceOrientationPortrait UIInterfaceOrientationPortraitUpsideDown UIInterfaceOrientationLandscapeLeft UIInterfaceOrientationLandscapeRight";
				INFOPLIST_KEY_UISupportedInterfaceOrientations_iPhone = "UIInterfaceOrientationPortrait UIInterfaceOrientationLandscapeLeft UIInterfaceOrientationLandscapeRight";
				LD_RUNPATH_SEARCH_PATHS = (
					"$(inherited)",
					"@executable_path/Frameworks",
				);
				MARKETING_VERSION = 1.0;
				PRODUCT_BUNDLE_IDENTIFIER = bogush.project123;
				PRODUCT_NAME = "$(TARGET_NAME)";
				SWIFT_EMIT_LOC_STRINGS = YES;
				SWIFT_VERSION = 5.0;
				TARGETED_DEVICE_FAMILY = "1,2";
			};
			name = Release;
		};
/* End XCBuildConfiguration section */

/* Begin XCConfigurationList section */
		9090391B2F09379600388B42 /* Build configuration list for PBXProject "project123" */ = {
			isa = XCConfigurationList;
			buildConfigurations = (
				909039352F09379700388B42 /* Debug */,
				909039362F09379700388B42 /* Release */,
			);
			defaultConfigurationIsVisible = 0;
			defaultConfigurationName = Release;
		};
		909039372F09379700388B42 /* Build configuration list for PBXNativeTarget "project123" */ = {
			isa = XCConfigurationList;
			buildConfigurations = (
				909039382F09379700388B42 /* Debug */,
				909039392F09379700388B42 /* Release */,
			);
			defaultConfigurationIsVisible = 0;
			defaultConfigurationName = Release;
		};
/* End XCConfigurationList section */

/* Begin XCVersionGroup section */
		909C25042F12595B00721F41 /* CoreDataModel.xcdatamodeld */ = {
			isa = XCVersionGroup;
			children = (
				909C25052F12595B00721F41 /* CoreDataModel.xcdatamodel */,
			);
			currentVersion = 909C25052F12595B00721F41 /* CoreDataModel.xcdatamodel */;
			path = CoreDataModel.xcdatamodeld;
			sourceTree = "<group>";
			versionGroupType = wrapper.xcdatamodel;
		};
/* End XCVersionGroup section */
	};
	rootObject = 909039182F09379600388B42 /* Project object */;
}
